
Microsoft Visual Studio Solution File, Format Version 12.00
# Visual Studio 2015
Project("{FAE04EC0-301F-11D3-BF4B-00C04F79EFBC}") = "RUBY.CSharp", "RUBY.CSharp.csproj", "{121DC7FC-2810-2A63-BE1F-CE5D32C3FED7}"
EndProject
Project("{FAE04EC0-301F-11D3-BF4B-00C04F79EFBC}") = "RUBY.CSharp.Editor", "RUBY.CSharp.Editor.csproj", "{F3F474C9-C8F6-F5BC-4145-C70125142F0E}"
EndProject
Global
	GlobalSection(SolutionConfigurationPlatforms) = preSolution
		Debug|Any CPU = Debug|Any CPU
		Release|Any CPU = Release|Any CPU
	EndGlobalSection
	GlobalSection(ProjectConfigurationPlatforms) = postSolution
		{121DC7FC-2810-2A63-BE1F-CE5D32C3FED7}.Debug|Any CPU.ActiveCfg = Debug|Any CPU
		{121DC7FC-2810-2A63-BE1F-CE5D32C3FED7}.Debug|Any CPU.Build.0 = Debug|Any CPU
		{121DC7FC-2810-2A63-BE1F-CE5D32C3FED7}.Release|Any CPU.ActiveCfg = Release|Any CPU
		{121DC7FC-2810-2A63-BE1F-CE5D32C3FED7}.Release|Any CPU.Build.0 = Release|Any CPU
		{F3F474C9-C8F6-F5BC-4145-C70125142F0E}.Debug|Any CPU.ActiveCfg = Debug|Any CPU
		{F3F474C9-C8F6-F5BC-4145-C70125142F0E}.Debug|Any CPU.Build.0 = Debug|Any CPU
		{F3F474C9-C8F6-F5BC-4145-C70125142F0E}.Release|Any CPU.ActiveCfg = Release|Any CPU
		{F3F474C9-C8F6-F5BC-4145-C70125142F0E}.Release|Any CPU.Build.0 = Release|Any CPU
	EndGlobalSection
	GlobalSection(SolutionProperties) = preSolution
		HideSolutionNode = FALSE
	EndGlobalSection
EndGlobal
